
Microsoft Visual Studio Solution File, Format Version 12.00
# Visual Studio Version 17
VisualStudioVersion = 17.4.33213.308
MinimumVisualStudioVersion = 10.0.40219.1
Project("{FAE04EC0-301F-11D3-BF4B-00C04F79EFBC}") = "formProject", "formProject.csproj", "{4CC24DC4-EE59-4220-A76A-6B8DEC840396}"
EndProject
Global
	GlobalSection(SolutionConfigurationPlatforms) = preSolution
		Debug|Any CPU = Debug|Any CPU
		Release|Any CPU = Release|Any CPU
	EndGlobalSection
	GlobalSection(ProjectConfigurationPlatforms) = postSolution
		{4CC24DC4-EE59-4220-A76A-6B8DEC840396}.Debug|Any CPU.ActiveCfg = Debug|Any CPU
		{4CC24DC4-EE59-4220-A76A-6B8DEC840396}.Debug|Any CPU.Build.0 = Debug|Any CPU
		{4CC24DC4-EE59-4220-A76A-6B8DEC840396}.Release|Any CPU.ActiveCfg = Release|Any CPU
		{4CC24DC4-EE59-4220-A76A-6B8DEC840396}.Release|Any CPU.Build.0 = Release|Any CPU
	EndGlobalSection
	GlobalSection(SolutionProperties) = preSolution
		HideSolutionNode = FALSE
	EndGlobalSection
	GlobalSection(ExtensibilityGlobals) = postSolution
		SolutionGuid = {4B2405A3-D871-45E8-91F1-DFDF42F0741F}
	EndGlobalSection
EndGlobal
